
Microsoft Visual Studio Solution File, Format Version 12.00
# Visual Studio Express 15 for Windows Desktop
VisualStudioVersion = 15.0.27130.2027
MinimumVisualStudioVersion = 10.0.40219.1
Project("{FAE04EC0-301F-11D3-BF4B-00C04F79EFBC}") = "SubtitleEditor", "SubtitleEditor\SubtitleEditor.csproj", "{B5A6AF1D-D593-4507-BF97-271FDDBBC9B9}"
EndProject
Global
	GlobalSection(SolutionConfigurationPlatforms) = preSolution
		Debug|Any CPU = Debug|Any CPU
		Release|Any CPU = Release|Any CPU
	EndGlobalSection
	GlobalSection(ProjectConfigurationPlatforms) = postSolution
		{B5A6AF1D-D593-4507-BF97-271FDDBBC9B9}.Debug|Any CPU.ActiveCfg = Debug|Any CPU
		{B5A6AF1D-D593-4507-BF97-271FDDBBC9B9}.Debug|Any CPU.Build.0 = Debug|Any CPU
		{B5A6AF1D-D593-4507-BF97-271FDDBBC9B9}.Release|Any CPU.ActiveCfg = Release|Any CPU
		{B5A6AF1D-D593-4507-BF97-271FDDBBC9B9}.Release|Any CPU.Build.0 = Release|Any CPU
	EndGlobalSection
	GlobalSection(SolutionProperties) = preSolution
		HideSolutionNode = FALSE
	EndGlobalSection
	GlobalSection(ExtensibilityGlobals) = postSolution
		SolutionGuid = {7E5F74F7-C8E9-4857-A0EB-609F977D0B11}
	EndGlobalSection
EndGlobal
